# THIS IS AN AUTOGENERATED FILE. DO NOT EDIT THIS FILE DIRECTLY.
# yarn lockfile v1


"@taplo/core@^0.1.0":
  version "0.1.1"

"@taplo/lib@^0.4.0-alpha.2":
  version "0.4.0-alpha.2"
  dependencies:
    "@taplo/core" "^0.1.0"

dot-properties@^1.0.0:
  version "1.0.1"

fast-xml-parser@^3.14.0:
  version "3.21.1"
  dependencies:
    strnum "^1.0.4"

mvdan-sh@^0.10.1:
  version "0.10.1"

prettier-plugin-properties@^0.3.0:
  version "0.3.0"
  dependencies:
    dot-properties "^1.0.0"

prettier-plugin-sh@^0.14.0:
  version "0.14.0"
  dependencies:
    mvdan-sh "^0.10.1"
    sh-syntax "^0.4.1"

prettier-plugin-toml@^2.0.1:
  version "2.0.1"
  dependencies:
    "@taplo/lib" "^0.4.0-alpha.2"

prettier-plugin-xml@^0.1.0:
  version "0.1.0"
  dependencies:
    fast-xml-parser "^3.14.0"
    prettier ">=1.10"

prettier@^3.0.3, prettier@^3.3.3, "prettier@>= 2.3.0", prettier@>=1.10:
  version "3.3.3"

sh-syntax@^0.4.1:
  version "0.4.2"
  dependencies:
    tslib "^2.6.2"

strnum@^1.0.4:
  version "1.0.5"

tslib@^2.6.2:
  version "2.7.0"
