# This file is generated by running "yarn install" inside your project.
# Manual changes might be lost - proceed with caution!

__metadata:
  version: 6
  cacheKey: 8

"@taplo/core@npm:^0.1.0":
  version: 0.1.1
  resolution: "@taplo/core@npm:0.1.1"
  checksum: 4673176900669a14e4d6a0900f7c5b6556b8275b85ab4541be517c150a95fe6b5883e7bf672f71d81488b723e3c115933cb5b36977d3dc0d8d75874495b52aaf
  languageName: node
  linkType: hard

"@taplo/lib@npm:^0.4.0-alpha.2":
  version: 0.4.0-alpha.2
  resolution: "@taplo/lib@npm:0.4.0-alpha.2"
  dependencies:
    "@taplo/core": ^0.1.0
  checksum: 891fbb433eed8f7faee33136d91352e79a82b1dad806369c2f796772a566afd08061d458d1a03464830c5d8df18517a5ff812c50dfe370786fab601f752702bc
  languageName: node
  linkType: hard

"dot-properties@npm:^1.0.0":
  version: 1.0.1
  resolution: "dot-properties@npm:1.0.1"
  checksum: 111ad43212477c832eb866dfa52593b9121a77ab804ce967db70b67e66f518a363bbfc410c3c40c00f72d53de50c41e5eb4266d612b10586bdc15d490ceed21d
  languageName: node
  linkType: hard

"fast-xml-parser@npm:^3.14.0":
  version: 3.21.1
  resolution: "fast-xml-parser@npm:3.21.1"
  dependencies:
    strnum: ^1.0.4
  bin:
    xml2js: cli.js
  checksum: 73b9c907a424cc2f9b11a8a2f1b7448d936f1db6fa574b85cbe4be9739c2f77d99a827bb27d738a0db0047b20c71a5d663f64937fbdb9c38977fc6cd145221d2
  languageName: node
  linkType: hard

"homeassistant@workspace:.":
  version: 0.0.0-use.local
  resolution: "homeassistant@workspace:."
  dependencies:
    prettier: ^3.3.3
    prettier-plugin-properties: ^0.3.0
    prettier-plugin-sh: ^0.14.0
    prettier-plugin-toml: ^2.0.1
    prettier-plugin-xml: ^0.1.0
  languageName: unknown
  linkType: soft

"mvdan-sh@npm:^0.10.1":
  version: 0.10.1
  resolution: "mvdan-sh@npm:0.10.1"
  checksum: 32ac3ad9adb3370a2b98256f1cb80572e7a8bd27958d20c1856e0bf7c339ef3ab232a1547b7615aa670ee8e557702abfc04d7dd362f15cd86ce01bab65172b47
  languageName: node
  linkType: hard

"prettier-plugin-properties@npm:^0.3.0":
  version: 0.3.0
  resolution: "prettier-plugin-properties@npm:0.3.0"
  dependencies:
    dot-properties: ^1.0.0
  peerDependencies:
    prettier: ">= 2.3.0"
  checksum: 4516d3c68b61fc0093686d1bf851b117d79905ad73174e916efc2702ec030e5248410850af9390d82233eeabf39011dcd7cb0be1d22f53f94bf9f73a8b0b6d69
  languageName: node
  linkType: hard

"prettier-plugin-sh@npm:^0.14.0":
  version: 0.14.0
  resolution: "prettier-plugin-sh@npm:0.14.0"
  dependencies:
    mvdan-sh: ^0.10.1
    sh-syntax: ^0.4.1
  peerDependencies:
    prettier: ^3.0.3
  checksum: 5b1bb1a17f6245983c1e4fd0f7a600e200e9248da686a551466942a8e4f30f1f65c5c09de14d43017a8c490c7215d44adade7c82d53acecbb1edcdc40dff6e42
  languageName: node
  linkType: hard

"prettier-plugin-toml@npm:^2.0.1":
  version: 2.0.1
  resolution: "prettier-plugin-toml@npm:2.0.1"
  dependencies:
    "@taplo/lib": ^0.4.0-alpha.2
  peerDependencies:
    prettier: ^3.0.3
  checksum: a327adde74fd2f804c56934e127f1b6687532be271d9fa4a425674b1373c4a038515f91bcce7654554515ae94e8144227cca3bad7ecdcfa5545a1d58a6fa248a
  languageName: node
  linkType: hard

"prettier-plugin-xml@npm:^0.1.0":
  version: 0.1.0
  resolution: "prettier-plugin-xml@npm:0.1.0"
  dependencies:
    fast-xml-parser: ^3.14.0
    prettier: ">=1.10"
  checksum: ae2feeff702e7f5b16565681c74ed192e2d3c3612ea7f440cea834843a67ac1d0122b9aae41b196f25cd765f0bb8141795d684cef046aee1d42d96834053ddfb
  languageName: node
  linkType: hard

"prettier@npm:>=1.10, prettier@npm:^3.3.3":
  version: 3.3.3
  resolution: "prettier@npm:3.3.3"
  bin:
    prettier: bin/prettier.cjs
  checksum: bc8604354805acfdde6106852d14b045bb20827ad76a5ffc2455b71a8257f94de93f17f14e463fe844808d2ccc87248364a5691488a3304f1031326e62d9276e
  languageName: node
  linkType: hard

"sh-syntax@npm:^0.4.1":
  version: 0.4.2
  resolution: "sh-syntax@npm:0.4.2"
  dependencies:
    tslib: ^2.6.2
  checksum: 7302cc5e076c1e7373c095fe6367384f82cbf9a10a0c117ecebfa03d2c34ca6b5f4389b83ac29eaa2458f1e3dc017255fd5b755a09e89cbcb95187b70ce84ea7
  languageName: node
  linkType: hard

"strnum@npm:^1.0.4":
  version: 1.0.5
  resolution: "strnum@npm:1.0.5"
  checksum: 651b2031db5da1bf4a77fdd2f116a8ac8055157c5420f5569f64879133825915ad461513e7202a16d7fec63c54fd822410d0962f8ca12385c4334891b9ae6dd2
  languageName: node
  linkType: hard

"tslib@npm:^2.6.2":
  version: 2.7.0
  resolution: "tslib@npm:2.7.0"
  checksum: 1606d5c89f88d466889def78653f3aab0f88692e80bb2066d090ca6112ae250ec1cfa9dbfaab0d17b60da15a4186e8ec4d893801c67896b277c17374e36e1d28
  languageName: node
  linkType: hard
