# THIS IS AN AUTOGENERATED FILE. DO NOT EDIT THIS FILE DIRECTLY.
# yarn lockfile v1


"@taplo/core@^0.1.0":
  version "0.1.1"
  resolved "https://registry.yarnpkg.com/@taplo/core/-/core-0.1.1.tgz#28a301d6ea141249ff712f8a2b9fce6d4e813d41"
  integrity sha512-BG/zLGf5wiNXGEVPvUAAX/4ilB3PwDUY2o0MV0y47mZbDZ9ad9UK/cIQsILat3bqbPJsALVbU6k3cskNZ3vAQg==

"@taplo/lib@^0.4.0-alpha.2":
  version "0.4.0-alpha.2"
  resolved "https://registry.yarnpkg.com/@taplo/lib/-/lib-0.4.0-alpha.2.tgz#6a2fcdeb947c34ada51a15797c69c673f8a62a2c"
  integrity sha512-DV/Re3DPVY+BhBtLZ3dmP4mP6YMLSsgq9qGLXwOV38lvNF/fBlgvQswzlXmzCEefL/3q2eMoefZpOI/+GLuCNA==
  dependencies:
    "@taplo/core" "^0.1.0"

dot-properties@^1.0.0:
  version "1.0.1"
  resolved "https://registry.yarnpkg.com/dot-properties/-/dot-properties-1.0.1.tgz#f0b8f7bf378de3ee119ff9a2d47495ca7d19553c"
  integrity sha512-cjIHHKlf2dPINJ5Io3lPocWvWmthXn3ztqyHVzUfufRiCiPECb0oiEqEGbEGaunFZtcMvwgUcxP9CTpLG4KCsA==

fast-xml-parser@^3.14.0:
  version "3.21.1"
  resolved "https://registry.yarnpkg.com/fast-xml-parser/-/fast-xml-parser-3.21.1.tgz#152a1d51d445380f7046b304672dd55d15c9e736"
  integrity sha512-FTFVjYoBOZTJekiUsawGsSYV9QL0A+zDYCRj7y34IO6Jg+2IMYEtQa+bbictpdpV8dHxXywqU7C0gRDEOFtBFg==
  dependencies:
    strnum "^1.0.4"

mvdan-sh@^0.10.1:
  version "0.10.1"
  resolved "https://registry.yarnpkg.com/mvdan-sh/-/mvdan-sh-0.10.1.tgz#5b3a4462a89cf20739b12d851589342c875f4d1f"
  integrity sha512-kMbrH0EObaKmK3nVRKUIIya1dpASHIEusM13S4V1ViHFuxuNxCo+arxoa6j/dbV22YBGjl7UKJm9QQKJ2Crzhg==

prettier-plugin-properties@^0.3.0:
  version "0.3.0"
  resolved "https://registry.yarnpkg.com/prettier-plugin-properties/-/prettier-plugin-properties-0.3.0.tgz#4645b0ad9600c69e047c8e3bd8e22a96230041e8"
  integrity sha512-j2h4NbG6hIaRx0W7CDPUH+yDbzXHmI2urPC1EC8pYrsS5R5AYgAmcSDN0oea+C5mBiN6BK0AkiSKPj0RC17NDQ==
  dependencies:
    dot-properties "^1.0.0"

prettier-plugin-sh@^0.14.0:
  version "0.14.0"
  resolved "https://registry.yarnpkg.com/prettier-plugin-sh/-/prettier-plugin-sh-0.14.0.tgz#22b186adea79b36212ccd9faa8dd01f33ef34ff6"
  integrity sha512-hfXulj5+zEl/ulrO5kMuuTPKmXvOg0bnLHY1hKFNN/N+/903iZbNp8NyZBTsgI8dtkSgFfAEIQq0IQTyP1ZVFQ==
  dependencies:
    mvdan-sh "^0.10.1"
    sh-syntax "^0.4.1"

prettier-plugin-toml@^2.0.1:
  version "2.0.1"
  resolved "https://registry.yarnpkg.com/prettier-plugin-toml/-/prettier-plugin-toml-2.0.1.tgz#7ba89d6fec5cb7e861ace692bc502344a2812227"
  integrity sha512-99z1YOkViECHtXQjGIigd3talI/ybUI1zB3yniAwUrlWBXupNXThB1hM6bwSMUEj2/+tomTlMtT98F5t4s8IWA==
  dependencies:
    "@taplo/lib" "^0.4.0-alpha.2"

prettier-plugin-xml@^0.1.0:
  version "0.1.0"
  resolved "https://registry.yarnpkg.com/prettier-plugin-xml/-/prettier-plugin-xml-0.1.0.tgz#de609ee105ed4b61637a992785c03bc450b22e77"
  integrity sha512-rywliZ83SVxLT5+OOWjT28g8jgshks61+nN+9e7ss6N519sz5UPS0/NzaS9M+qUYY9GVN0JXEa4R8aJPlMrRAA==
  dependencies:
    fast-xml-parser "^3.14.0"
    prettier ">=1.10"

prettier@>=1.10, prettier@^3.3.3:
  version "3.3.3"
  resolved "https://registry.yarnpkg.com/prettier/-/prettier-3.3.3.tgz#30c54fe0be0d8d12e6ae61dbb10109ea00d53105"
  integrity sha512-i2tDNA0O5IrMO757lfrdQZCc2jPNDVntV0m/+4whiDfWaTKfMNgR7Qz0NAeGz/nRqF4m5/6CLzbP4/liHt12Ew==

sh-syntax@^0.4.1:
  version "0.4.2"
  resolved "https://registry.yarnpkg.com/sh-syntax/-/sh-syntax-0.4.2.tgz#3bad5c6134b510e7b4c53b16f409ce4fd2a65245"
  integrity sha512-/l2UZ5fhGZLVZa16XQM9/Vq/hezGGbdHeVEA01uWjOL1+7Ek/gt6FquW0iKKws4a9AYPYvlz6RyVvjh3JxOteg==
  dependencies:
    tslib "^2.6.2"

strnum@^1.0.4:
  version "1.0.5"
  resolved "https://registry.yarnpkg.com/strnum/-/strnum-1.0.5.tgz#5c4e829fe15ad4ff0d20c3db5ac97b73c9b072db"
  integrity sha512-J8bbNyKKXl5qYcR36TIO8W3mVGVHrmmxsd5PAItGkmyzwJvybiw2IVq5nqd0i4LSNSkB/sx9VHllbfFdr9k1JA==

tslib@^2.6.2:
  version "2.7.0"
  resolved "https://registry.yarnpkg.com/tslib/-/tslib-2.7.0.tgz#d9b40c5c40ab59e8738f297df3087bf1a2690c01"
  integrity sha512-gLXCKdN1/j47AiHiOkJN69hJmcbGTHI0ImLmbYLHykhgeN0jVGola9yVjFgzCUklsZQMW55o+dW7IXv3RCXDzA==
